{
  "name": "rn-falcon-app-intro",
  "version": "1.3.1",
  "lockfileVersion": 1,
  "requires": true,
  "dependencies": {
    "assign-deep": {
      "version": "1.0.1",
      "resolved": "https://npm.p24.to/assign-deep/-/assign-deep-1.0.1.tgz",
      "integrity": "sha512-CSXAX79mibneEYfqLT5FEmkqR5WXF+xDRjgQQuVf6wSCXCYU8/vHttPidNar7wJ5BFmKAo8Wei0rCtzb+M/yeA==",
      "requires": {
        "assign-symbols": "^2.0.2"
      }
    },
    "assign-symbols": {
      "version": "2.0.2",
      "resolved": "https://npm.p24.to/assign-symbols/-/assign-symbols-2.0.2.tgz",
      "integrity": "sha512-9sBQUQZMKFKcO/C3Bo6Rx4CQany0R0UeVcefNGRRdW2vbmaMOhV1sbmlXcQLcD56juLXbSGTBm0GGuvmrAF8pA=="
    },
    "js-tokens": {
      "version": "4.0.0",
      "resolved": "https://npm.p24.to/js-tokens/-/js-tokens-4.0.0.tgz",
      "integrity": "sha512-RdJUflcE3cUzKiMqQgsCu06FPu9UdIJO0beYbPhHN4k6apgJtifcoCtT9bcxOpYBtpD2kCM6Sbzg4CausW/PKQ=="
    },
    "loose-envify": {
      "version": "1.4.0",
      "resolved": "https://npm.p24.to/loose-envify/-/loose-envify-1.4.0.tgz",
      "integrity": "sha512-lyuxPGr/Wfhrlem2CL/UcnUc1zcqKAImBDzukY7Y5F/yQiNdko6+fRLevlw1HgMySw7f611UIY408EtxRSoK3Q==",
      "requires": {
        "js-tokens": "^3.0.0 || ^4.0.0"
      }
    },
    "object-assign": {
      "version": "4.1.1",
      "resolved": "https://npm.p24.to/object-assign/-/object-assign-4.1.1.tgz",
      "integrity": "sha1-IQmtx5ZYh8/AXLvUQsrIv7s2CGM="
    },
    "prop-types": {
      "version": "15.7.2",
      "resolved": "https://npm.p24.to/prop-types/-/prop-types-15.7.2.tgz",
      "integrity": "sha512-8QQikdH7//R2vurIJSutZ1smHYTcLpRWEOlHnzcWHmBYrOGUysKwSsrC89BCiFj3CbrfJ/nXFdJepOVrY1GCHQ==",
      "requires": {
        "loose-envify": "^1.4.0",
        "object-assign": "^4.1.1",
        "react-is": "^16.8.1"
      }
    },
    "react-is": {
      "version": "16.13.1",
      "resolved": "https://npm.p24.to/react-is/-/react-is-16.13.1.tgz",
      "integrity": "sha512-24e6ynE2H+OKt4kqsOvNd8kBpV65zoxbA4BVsEOB3ARVWQki/DHzaUoC5KuON/BiccDaCCTZBuOcfZs70kR8bQ=="
    },
    "react-native-swiper": {
      "version": "1.6.0",
      "resolved": "https://npm.p24.to/react-native-swiper/-/react-native-swiper-1.6.0.tgz",
      "integrity": "sha512-OnkTTZi+9uZUgy0uz1I9oYDhCU3z36lZn+LFsk9FXPRelxb/KeABzvPs3r3SrHWy1aA67KGtSFj0xNK2QD0NJQ==",
      "requires": {
        "prop-types": "^15.5.10"
      }
    },
    "react-test-renderer": {
      "version": "16.6.3",
      "resolved": "https://npm.p24.to/react-test-renderer/-/react-test-renderer-16.6.3.tgz",
      "integrity": "sha512-B5bCer+qymrQz/wN03lT0LppbZUDRq6AMfzMKrovzkGzfO81a9T+PWQW6MzkWknbwODQH/qpJno/yFQLX5IWrQ==",
      "dev": true,
      "requires": {
        "object-assign": "^4.1.1",
        "prop-types": "^15.6.2",
        "react-is": "^16.6.3",
        "scheduler": "^0.11.2"
      }
    },
    "scheduler": {
      "version": "0.11.3",
      "resolved": "https://npm.p24.to/scheduler/-/scheduler-0.11.3.tgz",
      "integrity": "sha512-i9X9VRRVZDd3xZw10NY5Z2cVMbdYg6gqFecfj79USv1CFN+YrJ3gIPRKf1qlY+Sxly4djoKdfx1T+m9dnRB8kQ==",
      "dev": true,
      "requires": {
        "loose-envify": "^1.1.0",
        "object-assign": "^4.1.1"
      }
    }
  }
}
